# This file is autogenerated, do not edit; changes may be undone by the next 'dep ensure'.


[[projects]]
  name = "github.com/elazarl/goproxy"
  packages = ["."]
  revision = "aacba83f36a55ac31cbb71c06547a328c0cd1604"

[solve-meta]
  analyzer-name = "dep"
  analyzer-version = 1
  inputs-digest = "2a607ff9e3db991c715fbe6f239aa31798cb7de3c6e4f6f348df710f4d29babe"
  solver-name = "gps-cdcl"
  solver-version = 1
